
Microsoft Visual Studio Solution File, Format Version 12.00
# Visual Studio Version 17
VisualStudioVersion = 17.13.35806.99 d17.13
MinimumVisualStudioVersion = 10.0.40219.1
Project("{FAE04EC0-301F-11D3-BF4B-00C04F79EFBC}") = "ARJE20250319.AppWebMVC", "ARJE20250319.AppWebMVC\ARJE20250319.AppWebMVC.csproj", "{362E319C-8970-4AC8-B5AC-B39F56D51A74}"
EndProject
Global
	GlobalSection(SolutionConfigurationPlatforms) = preSolution
		Debug|Any CPU = Debug|Any CPU
		Release|Any CPU = Release|Any CPU
	EndGlobalSection
	GlobalSection(ProjectConfigurationPlatforms) = postSolution
		{362E319C-8970-4AC8-B5AC-B39F56D51A74}.Debug|Any CPU.ActiveCfg = Debug|Any CPU
		{362E319C-8970-4AC8-B5AC-B39F56D51A74}.Debug|Any CPU.Build.0 = Debug|Any CPU
		{362E319C-8970-4AC8-B5AC-B39F56D51A74}.Release|Any CPU.ActiveCfg = Release|Any CPU
		{362E319C-8970-4AC8-B5AC-B39F56D51A74}.Release|Any CPU.Build.0 = Release|Any CPU
	EndGlobalSection
	GlobalSection(SolutionProperties) = preSolution
		HideSolutionNode = FALSE
	EndGlobalSection
	GlobalSection(ExtensibilityGlobals) = postSolution
		SolutionGuid = {C49FBE64-A0B1-4031-BF70-FB7F4D0E07B1}
	EndGlobalSection
EndGlobal
